
Microsoft Visual Studio Solution File, Format Version 12.00
# Visual Studio 15
VisualStudioVersion = 15.0.27428.1
MinimumVisualStudioVersion = 10.0.40219.1
Project("{9A19103F-16F7-4668-BE54-9A1E7A4F7556}") = "clubweb.shared", "clubweb.shared\clubweb.shared.csproj", "{D4D34D12-DEA1-4B00-8767-C0B8B50F0E3B}"
EndProject
Project("{9A19103F-16F7-4668-BE54-9A1E7A4F7556}") = "clubweb.client", "clubweb.client\clubweb.client.csproj", "{8254A307-70BC-4C67-9E68-86AB55B31B5A}"
EndProject
Project("{FAE04EC0-301F-11D3-BF4B-00C04F79EFBC}") = "clubweb.server", "clubweb.server\clubweb.server.csproj", "{EFF0D5F3-BBC4-453C-B2BD-72586D749443}"
EndProject
Global
	GlobalSection(SolutionConfigurationPlatforms) = preSolution
		Debug|Any CPU = Debug|Any CPU
		Release|Any CPU = Release|Any CPU
	EndGlobalSection
	GlobalSection(ProjectConfigurationPlatforms) = postSolution
		{D4D34D12-DEA1-4B00-8767-C0B8B50F0E3B}.Debug|Any CPU.ActiveCfg = Debug|Any CPU
		{D4D34D12-DEA1-4B00-8767-C0B8B50F0E3B}.Debug|Any CPU.Build.0 = Debug|Any CPU
		{D4D34D12-DEA1-4B00-8767-C0B8B50F0E3B}.Release|Any CPU.ActiveCfg = Release|Any CPU
		{D4D34D12-DEA1-4B00-8767-C0B8B50F0E3B}.Release|Any CPU.Build.0 = Release|Any CPU
		{8254A307-70BC-4C67-9E68-86AB55B31B5A}.Debug|Any CPU.ActiveCfg = Debug|Any CPU
		{8254A307-70BC-4C67-9E68-86AB55B31B5A}.Debug|Any CPU.Build.0 = Debug|Any CPU
		{8254A307-70BC-4C67-9E68-86AB55B31B5A}.Release|Any CPU.ActiveCfg = Release|Any CPU
		{8254A307-70BC-4C67-9E68-86AB55B31B5A}.Release|Any CPU.Build.0 = Release|Any CPU
		{EFF0D5F3-BBC4-453C-B2BD-72586D749443}.Debug|Any CPU.ActiveCfg = Debug|Any CPU
		{EFF0D5F3-BBC4-453C-B2BD-72586D749443}.Debug|Any CPU.Build.0 = Debug|Any CPU
		{EFF0D5F3-BBC4-453C-B2BD-72586D749443}.Release|Any CPU.ActiveCfg = Release|Any CPU
		{EFF0D5F3-BBC4-453C-B2BD-72586D749443}.Release|Any CPU.Build.0 = Release|Any CPU
	EndGlobalSection
	GlobalSection(SolutionProperties) = preSolution
		HideSolutionNode = FALSE
	EndGlobalSection
	GlobalSection(ExtensibilityGlobals) = postSolution
		SolutionGuid = {E000F3C6-B873-4F12-AE44-08817FF75690}
	EndGlobalSection
EndGlobal
